
Microsoft Visual Studio Solution File, Format Version 12.00
# Visual Studio 14
VisualStudioVersion = 14.0.23107.0
MinimumVisualStudioVersion = 10.0.40219.1
Project("{FAE04EC0-301F-11D3-BF4B-00C04F79EFBC}") = "XanoSNCLibrary", "XanoSNCLibrary\XanoSNCLibrary.csproj", "{E08D462F-8986-4158-8443-43EA6DE38D70}"
EndProject
Project("{FAE04EC0-301F-11D3-BF4B-00C04F79EFBC}") = "XanoSNCWindowsService", "XanoSNCWindowsService\XanoSNCWindowsService.csproj", "{C6A83463-4FBF-4B4E-A013-43968408CC0B}"
EndProject
Project("{2150E333-8FDC-42A3-9474-1A3956D46DE8}") = "Solution Items", "Solution Items", "{AB11F94E-FB44-4E4A-B136-4AD1FE8D6B95}"
	ProjectSection(SolutionItems) = preProject
		..\README.md = ..\README.md
	EndProjectSection
EndProject
Project("{FAE04EC0-301F-11D3-BF4B-00C04F79EFBC}") = "XanoSNCTestPublisher", "XanoSNCTestPublisher\XanoSNCTestPublisher.csproj", "{411B48FA-B5D6-4AB6-97BD-2E12A2B8ED30}"
EndProject
Project("{FAE04EC0-301F-11D3-BF4B-00C04F79EFBC}") = "XanoSNCTestSubscriberLibrary", "XanoSNCTestSubscriberLibrary\XanoSNCTestSubscriberLibrary.csproj", "{E1B085E9-EAC9-4234-9CF6-4E07E556FA98}"
EndProject
Project("{2150E333-8FDC-42A3-9474-1A3956D46DE8}") = "Tests", "Tests", "{10BC274D-FD19-426D-8616-A148FE656E7F}"
EndProject
Project("{FAE04EC0-301F-11D3-BF4B-00C04F79EFBC}") = "XanoSNCTestSubscriberWindowsService", "XanoSNCTestSubscriberWindowsService\XanoSNCTestSubscriberWindowsService.csproj", "{1E3F018D-69FD-49E1-A846-263CB349327D}"
EndProject
Global
	GlobalSection(SolutionConfigurationPlatforms) = preSolution
		Debug|Any CPU = Debug|Any CPU
		Release|Any CPU = Release|Any CPU
	EndGlobalSection
	GlobalSection(ProjectConfigurationPlatforms) = postSolution
		{E08D462F-8986-4158-8443-43EA6DE38D70}.Debug|Any CPU.ActiveCfg = Debug|Any CPU
		{E08D462F-8986-4158-8443-43EA6DE38D70}.Debug|Any CPU.Build.0 = Debug|Any CPU
		{E08D462F-8986-4158-8443-43EA6DE38D70}.Release|Any CPU.ActiveCfg = Release|Any CPU
		{E08D462F-8986-4158-8443-43EA6DE38D70}.Release|Any CPU.Build.0 = Release|Any CPU
		{C6A83463-4FBF-4B4E-A013-43968408CC0B}.Debug|Any CPU.ActiveCfg = Debug|Any CPU
		{C6A83463-4FBF-4B4E-A013-43968408CC0B}.Debug|Any CPU.Build.0 = Debug|Any CPU
		{C6A83463-4FBF-4B4E-A013-43968408CC0B}.Release|Any CPU.ActiveCfg = Release|Any CPU
		{C6A83463-4FBF-4B4E-A013-43968408CC0B}.Release|Any CPU.Build.0 = Release|Any CPU
		{411B48FA-B5D6-4AB6-97BD-2E12A2B8ED30}.Debug|Any CPU.ActiveCfg = Debug|Any CPU
		{411B48FA-B5D6-4AB6-97BD-2E12A2B8ED30}.Debug|Any CPU.Build.0 = Debug|Any CPU
		{411B48FA-B5D6-4AB6-97BD-2E12A2B8ED30}.Release|Any CPU.ActiveCfg = Release|Any CPU
		{411B48FA-B5D6-4AB6-97BD-2E12A2B8ED30}.Release|Any CPU.Build.0 = Release|Any CPU
		{E1B085E9-EAC9-4234-9CF6-4E07E556FA98}.Debug|Any CPU.ActiveCfg = Debug|Any CPU
		{E1B085E9-EAC9-4234-9CF6-4E07E556FA98}.Debug|Any CPU.Build.0 = Debug|Any CPU
		{E1B085E9-EAC9-4234-9CF6-4E07E556FA98}.Release|Any CPU.ActiveCfg = Release|Any CPU
		{E1B085E9-EAC9-4234-9CF6-4E07E556FA98}.Release|Any CPU.Build.0 = Release|Any CPU
		{1E3F018D-69FD-49E1-A846-263CB349327D}.Debug|Any CPU.ActiveCfg = Debug|Any CPU
		{1E3F018D-69FD-49E1-A846-263CB349327D}.Debug|Any CPU.Build.0 = Debug|Any CPU
		{1E3F018D-69FD-49E1-A846-263CB349327D}.Release|Any CPU.ActiveCfg = Release|Any CPU
		{1E3F018D-69FD-49E1-A846-263CB349327D}.Release|Any CPU.Build.0 = Release|Any CPU
	EndGlobalSection
	GlobalSection(SolutionProperties) = preSolution
		HideSolutionNode = FALSE
	EndGlobalSection
	GlobalSection(NestedProjects) = preSolution
		{411B48FA-B5D6-4AB6-97BD-2E12A2B8ED30} = {10BC274D-FD19-426D-8616-A148FE656E7F}
		{E1B085E9-EAC9-4234-9CF6-4E07E556FA98} = {10BC274D-FD19-426D-8616-A148FE656E7F}
		{1E3F018D-69FD-49E1-A846-263CB349327D} = {10BC274D-FD19-426D-8616-A148FE656E7F}
	EndGlobalSection
EndGlobal
